
Microsoft Visual Studio Solution File, Format Version 12.00
# Visual Studio Version 16
VisualStudioVersion = 16.0.31702.278
MinimumVisualStudioVersion = 10.0.40219.1
Project("{FAE04EC0-301F-11D3-BF4B-00C04F79EFBC}") = "dc1FEmailTemplate", "dc1FEmailTemplate\dc1FEmailTemplate.csproj", "{CE86D86E-DCEB-4189-8837-CAD716E18590}"
EndProject
Global
	GlobalSection(SolutionConfigurationPlatforms) = preSolution
		Debug|Any CPU = Debug|Any CPU
		Release|Any CPU = Release|Any CPU
	EndGlobalSection
	GlobalSection(ProjectConfigurationPlatforms) = postSolution
		{CE86D86E-DCEB-4189-8837-CAD716E18590}.Debug|Any CPU.ActiveCfg = Debug|Any CPU
		{CE86D86E-DCEB-4189-8837-CAD716E18590}.Debug|Any CPU.Build.0 = Debug|Any CPU
		{CE86D86E-DCEB-4189-8837-CAD716E18590}.Release|Any CPU.ActiveCfg = Release|Any CPU
		{CE86D86E-DCEB-4189-8837-CAD716E18590}.Release|Any CPU.Build.0 = Release|Any CPU
	EndGlobalSection
	GlobalSection(SolutionProperties) = preSolution
		HideSolutionNode = FALSE
	EndGlobalSection
	GlobalSection(ExtensibilityGlobals) = postSolution
		SolutionGuid = {ED24C261-A75F-4F2C-BAFD-DC2E934093AF}
	EndGlobalSection
EndGlobal
